
Microsoft Visual Studio Solution File, Format Version 12.00
# Visual Studio Version 17
VisualStudioVersion = 17.7.34221.43
MinimumVisualStudioVersion = 10.0.40219.1
Project("{9A19103F-16F7-4668-BE54-9A1E7A4F7556}") = "Pozitive-Number", "Pozitive-Number\Pozitive-Number.csproj", "{49E56C8A-F962-44A3-9718-2A0289C0A652}"
EndProject
Project("{2150E333-8FDC-42A3-9474-1A3956D46DE8}") = "Patika Ödev", "Patika Ödev", "{F47E1927-C2A8-457C-835D-B74957FAEF9E}"
EndProject
Global
	GlobalSection(SolutionConfigurationPlatforms) = preSolution
		Debug|Any CPU = Debug|Any CPU
		Release|Any CPU = Release|Any CPU
	EndGlobalSection
	GlobalSection(ProjectConfigurationPlatforms) = postSolution
		{49E56C8A-F962-44A3-9718-2A0289C0A652}.Debug|Any CPU.ActiveCfg = Debug|Any CPU
		{49E56C8A-F962-44A3-9718-2A0289C0A652}.Debug|Any CPU.Build.0 = Debug|Any CPU
		{49E56C8A-F962-44A3-9718-2A0289C0A652}.Release|Any CPU.ActiveCfg = Release|Any CPU
		{49E56C8A-F962-44A3-9718-2A0289C0A652}.Release|Any CPU.Build.0 = Release|Any CPU
	EndGlobalSection
	GlobalSection(SolutionProperties) = preSolution
		HideSolutionNode = FALSE
	EndGlobalSection
	GlobalSection(NestedProjects) = preSolution
		{49E56C8A-F962-44A3-9718-2A0289C0A652} = {F47E1927-C2A8-457C-835D-B74957FAEF9E}
	EndGlobalSection
	GlobalSection(ExtensibilityGlobals) = postSolution
		SolutionGuid = {B9C5A1C6-E9C8-41EC-9AD7-15680A0BCBEA}
	EndGlobalSection
EndGlobal
